
Microsoft Visual Studio Solution File, Format Version 12.00
# Visual Studio 14
VisualStudioVersion = 14.0.24720.0
MinimumVisualStudioVersion = 10.0.40219.1
Project("{FAE04EC0-301F-11D3-BF4B-00C04F79EFBC}") = "DomainModel", "DomainModel\DomainModel.csproj", "{04827537-D404-457F-8F3B-CFAD24504640}"
EndProject
Project("{FAE04EC0-301F-11D3-BF4B-00C04F79EFBC}") = "MySqlDatabase", "MySqlDatabase\MySqlDatabase.csproj", "{F387D593-1554-434F-9A43-7F7447CC9E40}"
EndProject
Project("{FAE04EC0-301F-11D3-BF4B-00C04F79EFBC}") = "ConsoleApplication1", "ConsoleApplication1\ConsoleApplication1.csproj", "{3CDB8CD0-EEDC-4361-AD56-4E9D8F56EFD0}"
EndProject
Project("{FAE04EC0-301F-11D3-BF4B-00C04F79EFBC}") = "SovaApp", "SovaApp\SovaApp.csproj", "{D3B4E4F2-38D7-44B9-9321-BF95EF80FC9B}"
EndProject
Global
	GlobalSection(SolutionConfigurationPlatforms) = preSolution
		Debug|Any CPU = Debug|Any CPU
		Release|Any CPU = Release|Any CPU
	EndGlobalSection
	GlobalSection(ProjectConfigurationPlatforms) = postSolution
		{04827537-D404-457F-8F3B-CFAD24504640}.Debug|Any CPU.ActiveCfg = Debug|Any CPU
		{04827537-D404-457F-8F3B-CFAD24504640}.Debug|Any CPU.Build.0 = Debug|Any CPU
		{04827537-D404-457F-8F3B-CFAD24504640}.Release|Any CPU.ActiveCfg = Release|Any CPU
		{04827537-D404-457F-8F3B-CFAD24504640}.Release|Any CPU.Build.0 = Release|Any CPU
		{F387D593-1554-434F-9A43-7F7447CC9E40}.Debug|Any CPU.ActiveCfg = Debug|Any CPU
		{F387D593-1554-434F-9A43-7F7447CC9E40}.Debug|Any CPU.Build.0 = Debug|Any CPU
		{F387D593-1554-434F-9A43-7F7447CC9E40}.Release|Any CPU.ActiveCfg = Release|Any CPU
		{F387D593-1554-434F-9A43-7F7447CC9E40}.Release|Any CPU.Build.0 = Release|Any CPU
		{3CDB8CD0-EEDC-4361-AD56-4E9D8F56EFD0}.Debug|Any CPU.ActiveCfg = Debug|Any CPU
		{3CDB8CD0-EEDC-4361-AD56-4E9D8F56EFD0}.Debug|Any CPU.Build.0 = Debug|Any CPU
		{3CDB8CD0-EEDC-4361-AD56-4E9D8F56EFD0}.Release|Any CPU.ActiveCfg = Release|Any CPU
		{3CDB8CD0-EEDC-4361-AD56-4E9D8F56EFD0}.Release|Any CPU.Build.0 = Release|Any CPU
		{D3B4E4F2-38D7-44B9-9321-BF95EF80FC9B}.Debug|Any CPU.ActiveCfg = Debug|Any CPU
		{D3B4E4F2-38D7-44B9-9321-BF95EF80FC9B}.Debug|Any CPU.Build.0 = Debug|Any CPU
		{D3B4E4F2-38D7-44B9-9321-BF95EF80FC9B}.Release|Any CPU.ActiveCfg = Release|Any CPU
		{D3B4E4F2-38D7-44B9-9321-BF95EF80FC9B}.Release|Any CPU.Build.0 = Release|Any CPU
	EndGlobalSection
	GlobalSection(SolutionProperties) = preSolution
		HideSolutionNode = FALSE
	EndGlobalSection
EndGlobal
